// !$*UTF8*$!
{
	archiveVersion = 1;
	classes = {
	};
	objectVersion = 46;
	objects = {

/* Begin PBXBuildFile section */
		1431EDA4203E6E3500F74EFA /* p.p12 in Resources */ = {isa = PBXBuildFile; fileRef = 1431ED9F203E6E3500F74EFA /* p.p12 */; };
		1431EDA5203E6E3500F74EFA /* rsa.csr in Resources */ = {isa = PBXBuildFile; fileRef = 1431EDA0203E6E3500F74EFA /* rsa.csr */; };
		1431EDA6203E6E3500F74EFA /* rsa.der in Resources */ = {isa = PBXBuildFile; fileRef = 1431EDA1203E6E3500F74EFA /* rsa.der */; };
		1431EDA7203E6E3500F74EFA /* rsa.crt in Resources */ = {isa = PBXBuildFile; fileRef = 1431EDA2203E6E3500F74EFA /* rsa.crt */; };
		1431EDA8203E6E3500F74EFA /* private.pem in Resources */ = {isa = PBXBuildFile; fileRef = 1431EDA3203E6E3500F74EFA /* private.pem */; };
		1431EDB1203E6FA000F74EFA /* Base64.m in Sources */ = {isa = PBXBuildFile; fileRef = 1431EDB0203E6FA000F74EFA /* Base64.m */; };
		1431EDB4203E705400F74EFA /* RSA.m in Sources */ = {isa = PBXBuildFile; fileRef = 1431EDB3203E705400F74EFA /* RSA.m */; };
		1431EDB7203E70A300F74EFA /* ZHRsaController.m in Sources */ = {isa = PBXBuildFile; fileRef = 1431EDB6203E70A300F74EFA /* ZHRsaController.m */; };
		1431EDBA203E70D300F74EFA /* ZHMD5Controller.m in Sources */ = {isa = PBXBuildFile; fileRef = 1431EDB9203E70D300F74EFA /* ZHMD5Controller.m */; };
		1431EDBD203E716300F74EFA /* ZHEncryptDataController.m in Sources */ = {isa = PBXBuildFile; fileRef = 1431EDBC203E716300F74EFA /* ZHEncryptDataController.m */; };
		145308671FD921DF00F6DC8E /* line.png in Resources */ = {isa = PBXBuildFile; fileRef = 145308631FD921DF00F6DC8E /* line.png */; };
		145308681FD921DF00F6DC8E /* line@2x.png in Resources */ = {isa = PBXBuildFile; fileRef = 145308641FD921DF00F6DC8E /* line@2x.png */; };
		145308691FD921DF00F6DC8E /* pick_bg.png in Resources */ = {isa = PBXBuildFile; fileRef = 145308651FD921DF00F6DC8E /* pick_bg.png */; };
		1453086A1FD921DF00F6DC8E /* pick_bg@2x.png in Resources */ = {isa = PBXBuildFile; fileRef = 145308661FD921DF00F6DC8E /* pick_bg@2x.png */; };
		148A24F7203EA01900FC1B2D /* ZHMD5.m in Sources */ = {isa = PBXBuildFile; fileRef = 148A24F6203EA01900FC1B2D /* ZHMD5.m */; };
		14A906E61FD8C8A9006E2E84 /* ZHQRCodePay.m in Sources */ = {isa = PBXBuildFile; fileRef = 14A906E51FD8C8A9006E2E84 /* ZHQRCodePay.m */; };
		14A906EC1FD8D48D006E2E84 /* ZHScanViewController.m in Sources */ = {isa = PBXBuildFile; fileRef = 14A906EB1FD8D48D006E2E84 /* ZHScanViewController.m */; };
		3AAFDDAB443874F228F789FA /* libPods-ZhangHuaSummary.a in Frameworks */ = {isa = PBXBuildFile; fileRef = E41A269E9143FEC8EFC38F60 /* libPods-ZhangHuaSummary.a */; };
		70043ABE1F4E7C4A00E82B8F /* RootViewController.m in Sources */ = {isa = PBXBuildFile; fileRef = 70043ABB1F4E7C4A00E82B8F /* RootViewController.m */; };
		70043ABF1F4E7C4A00E82B8F /* ZHBasicsTableViewController.m in Sources */ = {isa = PBXBuildFile; fileRef = 70043ABD1F4E7C4A00E82B8F /* ZHBasicsTableViewController.m */; };
		70043AC21F4E7CDA00E82B8F /* viewLayoutController.m in Sources */ = {isa = PBXBuildFile; fileRef = 70043AC11F4E7CDA00E82B8F /* viewLayoutController.m */; };
		70043ACB1F4E7D8B00E82B8F /* animationController.m in Sources */ = {isa = PBXBuildFile; fileRef = 70043ACA1F4E7D8B00E82B8F /* animationController.m */; };
		7019FE401F5FA5780086F6C1 /* ZHLearningController.m in Sources */ = {isa = PBXBuildFile; fileRef = 7019FE3F1F5FA5780086F6C1 /* ZHLearningController.m */; };
		7019FE431F5FA63B0086F6C1 /* ZHPictureAndWordMixed.m in Sources */ = {isa = PBXBuildFile; fileRef = 7019FE421F5FA63B0086F6C1 /* ZHPictureAndWordMixed.m */; };
		70251BEF1F5E887A00405C57 /* ZHTextFileController.m in Sources */ = {isa = PBXBuildFile; fileRef = 70251BEE1F5E887A00405C57 /* ZHTextFileController.m */; };
		70251C161F5E9FDD00405C57 /* 1.png in Resources */ = {isa = PBXBuildFile; fileRef = 70251C0C1F5E9FDD00405C57 /* 1.png */; };
		70251C171F5E9FDD00405C57 /* 2.png in Resources */ = {isa = PBXBuildFile; fileRef = 70251C0D1F5E9FDD00405C57 /* 2.png */; };
		70251C181F5E9FDD00405C57 /* 3.png in Resources */ = {isa = PBXBuildFile; fileRef = 70251C0E1F5E9FDD00405C57 /* 3.png */; };
		70251C191F5E9FDD00405C57 /* 4.png in Resources */ = {isa = PBXBuildFile; fileRef = 70251C0F1F5E9FDD00405C57 /* 4.png */; };
		70251C1A1F5E9FDD00405C57 /* 5.png in Resources */ = {isa = PBXBuildFile; fileRef = 70251C101F5E9FDD00405C57 /* 5.png */; };
		70251C251F5EA29400405C57 /* 6.jpeg in Resources */ = {isa = PBXBuildFile; fileRef = 70251C241F5EA29400405C57 /* 6.jpeg */; };
		70251C281F5EA3CD00405C57 /* ZHTravelStrategyController.m in Sources */ = {isa = PBXBuildFile; fileRef = 70251C271F5EA3CD00405C57 /* ZHTravelStrategyController.m */; };
		70251C2B1F5EA42100405C57 /* ZHQinHaiLake.m in Sources */ = {isa = PBXBuildFile; fileRef = 70251C2A1F5EA42100405C57 /* ZHQinHaiLake.m */; };
		70251C2E1F5EA4BA00405C57 /* QinHaiLakeTransportLine.m in Sources */ = {isa = PBXBuildFile; fileRef = 70251C2D1F5EA4BA00405C57 /* QinHaiLakeTransportLine.m */; };
		704915161F56546F00DA2B5A /* leftImage.jpg in Resources */ = {isa = PBXBuildFile; fileRef = 704915131F56546F00DA2B5A /* leftImage.jpg */; };
		704915171F56546F00DA2B5A /* mid.jpg in Resources */ = {isa = PBXBuildFile; fileRef = 704915141F56546F00DA2B5A /* mid.jpg */; };
		704915181F56546F00DA2B5A /* right.jpg in Resources */ = {isa = PBXBuildFile; fileRef = 704915151F56546F00DA2B5A /* right.jpg */; };
		705C1B451F6A6CAC00D01751 /* ZHCameraCall.m in Sources */ = {isa = PBXBuildFile; fileRef = 705C1B441F6A6CAC00D01751 /* ZHCameraCall.m */; };
		705C1B481F6A6CC600D01751 /* ZHAVPlayerClass.m in Sources */ = {isa = PBXBuildFile; fileRef = 705C1B471F6A6CC600D01751 /* ZHAVPlayerClass.m */; };
		705C1B4D1F6A6CD900D01751 /* ZHPictureCache.m in Sources */ = {isa = PBXBuildFile; fileRef = 705C1B4A1F6A6CD900D01751 /* ZHPictureCache.m */; };
		705C1B4E1F6A6CD900D01751 /* ZHWebImageCache.m in Sources */ = {isa = PBXBuildFile; fileRef = 705C1B4C1F6A6CD900D01751 /* ZHWebImageCache.m */; };
		705C1B511F6A6CF300D01751 /* toolClassEncap.m in Sources */ = {isa = PBXBuildFile; fileRef = 705C1B501F6A6CF300D01751 /* toolClassEncap.m */; };
		705C1B531F6A71A500D01751 /* MobileCoreServices.framework in Frameworks */ = {isa = PBXBuildFile; fileRef = 705C1B521F6A71A500D01751 /* MobileCoreServices.framework */; };
		705C1B541F6A74D900D01751 /* AssetsLibrary.framework in Frameworks */ = {isa = PBXBuildFile; fileRef = 7058FCDA1F6A304400369815 /* AssetsLibrary.framework */; };
		709FEE9C1F4D63E100285983 /* main.m in Sources */ = {isa = PBXBuildFile; fileRef = 709FEE9B1F4D63E100285983 /* main.m */; };
		709FEE9F1F4D63E100285983 /* AppDelegate.m in Sources */ = {isa = PBXBuildFile; fileRef = 709FEE9E1F4D63E100285983 /* AppDelegate.m */; };
		709FEEA51F4D63E100285983 /* Main.storyboard in Resources */ = {isa = PBXBuildFile; fileRef = 709FEEA31F4D63E100285983 /* Main.storyboard */; };
		709FEEA71F4D63E100285983 /* Assets.xcassets in Resources */ = {isa = PBXBuildFile; fileRef = 709FEEA61F4D63E100285983 /* Assets.xcassets */; };
		709FEEAA1F4D63E100285983 /* LaunchScreen.storyboard in Resources */ = {isa = PBXBuildFile; fileRef = 709FEEA81F4D63E100285983 /* LaunchScreen.storyboard */; };
		70A0D1D01F4E747000670625 /* banner_tp01@2x.png in Resources */ = {isa = PBXBuildFile; fileRef = 70A0D1CC1F4E747000670625 /* banner_tp01@2x.png */; };
		70A0D1D11F4E747000670625 /* banner_tp02@2x.png in Resources */ = {isa = PBXBuildFile; fileRef = 70A0D1CD1F4E747000670625 /* banner_tp02@2x.png */; };
		70A0D1D21F4E747000670625 /* banner_tp03@2x.png in Resources */ = {isa = PBXBuildFile; fileRef = 70A0D1CE1F4E747000670625 /* banner_tp03@2x.png */; };
		70A0D1D31F4E747000670625 /* banner_tp04@2x.png in Resources */ = {isa = PBXBuildFile; fileRef = 70A0D1CF1F4E747000670625 /* banner_tp04@2x.png */; };
		70C23EC51F5506D700FAEBAA /* ZHRoundDisplay.m in Sources */ = {isa = PBXBuildFile; fileRef = 70C23EC41F5506D700FAEBAA /* ZHRoundDisplay.m */; };
		70C23EC81F55071F00FAEBAA /* ZHRoundLayout.m in Sources */ = {isa = PBXBuildFile; fileRef = 70C23EC71F55071F00FAEBAA /* ZHRoundLayout.m */; };
		70C23ECC1F553DB600FAEBAA /* ZHDrawerRootController.m in Sources */ = {isa = PBXBuildFile; fileRef = 70C23ECB1F553DB600FAEBAA /* ZHDrawerRootController.m */; };
		70C23ECF1F553DCE00FAEBAA /* LeftViewController.m in Sources */ = {isa = PBXBuildFile; fileRef = 70C23ECE1F553DCE00FAEBAA /* LeftViewController.m */; };
		70C23ED21F553DE100FAEBAA /* MidViewController.m in Sources */ = {isa = PBXBuildFile; fileRef = 70C23ED11F553DE100FAEBAA /* MidViewController.m */; };
		70C23ED51F553DF400FAEBAA /* RightViewController.m in Sources */ = {isa = PBXBuildFile; fileRef = 70C23ED41F553DF400FAEBAA /* RightViewController.m */; };
		70FA4C821F53C3490078BFE6 /* ZHCustomLayOut.m in Sources */ = {isa = PBXBuildFile; fileRef = 70FA4C7D1F53C3490078BFE6 /* ZHCustomLayOut.m */; };
		70FA4C831F53C3490078BFE6 /* ZHWaterfallCell.m in Sources */ = {isa = PBXBuildFile; fileRef = 70FA4C7F1F53C3490078BFE6 /* ZHWaterfallCell.m */; };
		70FA4C841F53C3490078BFE6 /* ZHWaterfallStyle.m in Sources */ = {isa = PBXBuildFile; fileRef = 70FA4C811F53C3490078BFE6 /* ZHWaterfallStyle.m */; };
		70FA4C8F1F53C47F0078BFE6 /* ZHShoppingCartAnimation.m in Sources */ = {isa = PBXBuildFile; fileRef = 70FA4C8E1F53C47F0078BFE6 /* ZHShoppingCartAnimation.m */; };
		70FA4C941F53C6DD0078BFE6 /* cart.png in Resources */ = {isa = PBXBuildFile; fileRef = 70FA4C901F53C6DD0078BFE6 /* cart.png */; };
		70FA4C951F53C6DD0078BFE6 /* heheda.png in Resources */ = {isa = PBXBuildFile; fileRef = 70FA4C911F53C6DD0078BFE6 /* heheda.png */; };
		70FA4C961F53C6DD0078BFE6 /* ZHShoppingCart.m in Sources */ = {isa = PBXBuildFile; fileRef = 70FA4C931F53C6DD0078BFE6 /* ZHShoppingCart.m */; };
		70FA4C9C1F53CB490078BFE6 /* ZHBannerLoopView.m in Sources */ = {isa = PBXBuildFile; fileRef = 70FA4C9B1F53CB490078BFE6 /* ZHBannerLoopView.m */; };
		70FA4C9F1F53CC110078BFE6 /* ZHBannerLoop.m in Sources */ = {isa = PBXBuildFile; fileRef = 70FA4C9E1F53CC110078BFE6 /* ZHBannerLoop.m */; };
/* End PBXBuildFile section */

/* Begin PBXFileReference section */
		1051596F24D6015DDBCCB4F9 /* Pods-ZhangHuaSummary.release.xcconfig */ = {isa = PBXFileReference; includeInIndex = 1; lastKnownFileType = text.xcconfig; name = "Pods-ZhangHuaSummary.release.xcconfig"; path = "Pods/Target Support Files/Pods-ZhangHuaSummary/Pods-ZhangHuaSummary.release.xcconfig"; sourceTree = "<group>"; };
		1431ED9F203E6E3500F74EFA /* p.p12 */ = {isa = PBXFileReference; lastKnownFileType = file; path = p.p12; sourceTree = "<group>"; };
		1431EDA0203E6E3500F74EFA /* rsa.csr */ = {isa = PBXFileReference; fileEncoding = 4; lastKnownFileType = text; path = rsa.csr; sourceTree = "<group>"; };
		1431EDA1203E6E3500F74EFA /* rsa.der */ = {isa = PBXFileReference; lastKnownFileType = file; path = rsa.der; sourceTree = "<group>"; };
		1431EDA2203E6E3500F74EFA /* rsa.crt */ = {isa = PBXFileReference; fileEncoding = 4; lastKnownFileType = text; path = rsa.crt; sourceTree = "<group>"; };
		1431EDA3203E6E3500F74EFA /* private.pem */ = {isa = PBXFileReference; fileEncoding = 4; lastKnownFileType = text; path = private.pem; sourceTree = "<group>"; };
		1431EDAF203E6FA000F74EFA /* Base64.h */ = {isa = PBXFileReference; fileEncoding = 4; lastKnownFileType = sourcecode.c.h; name = Base64.h; path = "Class模块/数据加密/RSA/Base64.h"; sourceTree = "<group>"; };
		1431EDB0203E6FA000F74EFA /* Base64.m */ = {isa = PBXFileReference; fileEncoding = 4; lastKnownFileType = sourcecode.c.objc; name = Base64.m; path = "Class模块/数据加密/RSA/Base64.m"; sourceTree = "<group>"; };
		1431EDB2203E705400F74EFA /* RSA.h */ = {isa = PBXFileReference; fileEncoding = 4; lastKnownFileType = sourcecode.c.h; name = RSA.h; path = "Class模块/数据加密/RSA/RSA.h"; sourceTree = "<group>"; };
		1431EDB3203E705400F74EFA /* RSA.m */ = {isa = PBXFileReference; fileEncoding = 4; lastKnownFileType = sourcecode.c.objc; name = RSA.m; path = "Class模块/数据加密/RSA/RSA.m"; sourceTree = "<group>"; };
		1431EDB5203E70A300F74EFA /* ZHRsaController.h */ = {isa = PBXFileReference; lastKnownFileType = sourcecode.c.h; name = ZHRsaController.h; path = "Class模块/数据加密/RSA/ZHRsaController.h"; sourceTree = "<group>"; };
		1431EDB6203E70A300F74EFA /* ZHRsaController.m */ = {isa = PBXFileReference; lastKnownFileType = sourcecode.c.objc; name = ZHRsaController.m; path = "Class模块/数据加密/RSA/ZHRsaController.m"; sourceTree = "<group>"; };
		1431EDB8203E70D300F74EFA /* ZHMD5Controller.h */ = {isa = PBXFileReference; lastKnownFileType = sourcecode.c.h; name = ZHMD5Controller.h; path = "Class模块/数据加密/MD5/ZHMD5Controller.h"; sourceTree = "<group>"; };
		1431EDB9203E70D300F74EFA /* ZHMD5Controller.m */ = {isa = PBXFileReference; lastKnownFileType = sourcecode.c.objc; name = ZHMD5Controller.m; path = "Class模块/数据加密/MD5/ZHMD5Controller.m"; sourceTree = "<group>"; };
		1431EDBB203E716300F74EFA /* ZHEncryptDataController.h */ = {isa = PBXFileReference; lastKnownFileType = sourcecode.c.h; name = ZHEncryptDataController.h; path = "Class模块/数据加密/ZHEncryptDataController.h"; sourceTree = "<group>"; };
		1431EDBC203E716300F74EFA /* ZHEncryptDataController.m */ = {isa = PBXFileReference; lastKnownFileType = sourcecode.c.objc; name = ZHEncryptDataController.m; path = "Class模块/数据加密/ZHEncryptDataController.m"; sourceTree = "<group>"; };
		145308631FD921DF00F6DC8E /* line.png */ = {isa = PBXFileReference; lastKnownFileType = image.png; name = line.png; path = "Class模块/功能类封装/二维码扫描支付/line.png"; sourceTree = "<group>"; };
		145308641FD921DF00F6DC8E /* line@2x.png */ = {isa = PBXFileReference; lastKnownFileType = image.png; name = "line@2x.png"; path = "Class模块/功能类封装/二维码扫描支付/line@2x.png"; sourceTree = "<group>"; };
		145308651FD921DF00F6DC8E /* pick_bg.png */ = {isa = PBXFileReference; lastKnownFileType = image.png; name = pick_bg.png; path = "Class模块/功能类封装/二维码扫描支付/pick_bg.png"; sourceTree = "<group>"; };
		145308661FD921DF00F6DC8E /* pick_bg@2x.png */ = {isa = PBXFileReference; lastKnownFileType = image.png; name = "pick_bg@2x.png"; path = "Class模块/功能类封装/二维码扫描支付/pick_bg@2x.png"; sourceTree = "<group>"; };
		148A24F5203EA01900FC1B2D /* ZHMD5.h */ = {isa = PBXFileReference; lastKnownFileType = sourcecode.c.h; name = ZHMD5.h; path = "Class模块/数据加密/MD5/ZHMD5.h"; sourceTree = "<group>"; };
		148A24F6203EA01900FC1B2D /* ZHMD5.m */ = {isa = PBXFileReference; lastKnownFileType = sourcecode.c.objc; name = ZHMD5.m; path = "Class模块/数据加密/MD5/ZHMD5.m"; sourceTree = "<group>"; };
		14A906E41FD8C8A9006E2E84 /* ZHQRCodePay.h */ = {isa = PBXFileReference; fileEncoding = 4; lastKnownFileType = sourcecode.c.h; name = ZHQRCodePay.h; path = "Class模块/功能类封装/二维码扫描支付/ZHQRCodePay.h"; sourceTree = "<group>"; };
		14A906E51FD8C8A9006E2E84 /* ZHQRCodePay.m */ = {isa = PBXFileReference; fileEncoding = 4; lastKnownFileType = sourcecode.c.objc; name = ZHQRCodePay.m; path = "Class模块/功能类封装/二维码扫描支付/ZHQRCodePay.m"; sourceTree = "<group>"; };
		14A906EA1FD8D48D006E2E84 /* ZHScanViewController.h */ = {isa = PBXFileReference; fileEncoding = 4; lastKnownFileType = sourcecode.c.h; name = ZHScanViewController.h; path = "Class模块/功能类封装/二维码扫描支付/ZHScanViewController.h"; sourceTree = "<group>"; };
		14A906EB1FD8D48D006E2E84 /* ZHScanViewController.m */ = {isa = PBXFileReference; fileEncoding = 4; lastKnownFileType = sourcecode.c.objc; name = ZHScanViewController.m; path = "Class模块/功能类封装/二维码扫描支付/ZHScanViewController.m"; sourceTree = "<group>"; };
		70043ABA1F4E7C4A00E82B8F /* RootViewController.h */ = {isa = PBXFileReference; fileEncoding = 4; lastKnownFileType = sourcecode.c.h; name = RootViewController.h; path = "main入口/RootViewController.h"; sourceTree = "<group>"; };
		70043ABB1F4E7C4A00E82B8F /* RootViewController.m */ = {isa = PBXFileReference; fileEncoding = 4; lastKnownFileType = sourcecode.c.objc; name = RootViewController.m; path = "main入口/RootViewController.m"; sourceTree = "<group>"; };
		70043ABC1F4E7C4A00E82B8F /* ZHBasicsTableViewController.h */ = {isa = PBXFileReference; fileEncoding = 4; lastKnownFileType = sourcecode.c.h; name = ZHBasicsTableViewController.h; path = "main入口/ZHBasicsTableViewController.h"; sourceTree = "<group>"; };
		70043ABD1F4E7C4A00E82B8F /* ZHBasicsTableViewController.m */ = {isa = PBXFileReference; fileEncoding = 4; lastKnownFileType = sourcecode.c.objc; name = ZHBasicsTableViewController.m; path = "main入口/ZHBasicsTableViewController.m"; sourceTree = "<group>"; };
		70043AC01F4E7CDA00E82B8F /* viewLayoutController.h */ = {isa = PBXFileReference; fileEncoding = 4; lastKnownFileType = sourcecode.c.h; name = viewLayoutController.h; path = "Class模块/视图布局/viewLayoutController.h"; sourceTree = "<group>"; };
		70043AC11F4E7CDA00E82B8F /* viewLayoutController.m */ = {isa = PBXFileReference; fileEncoding = 4; lastKnownFileType = sourcecode.c.objc; name = viewLayoutController.m; path = "Class模块/视图布局/viewLayoutController.m"; sourceTree = "<group>"; };
		70043AC91F4E7D8B00E82B8F /* animationController.h */ = {isa = PBXFileReference; fileEncoding = 4; lastKnownFileType = sourcecode.c.h; path = animationController.h; sourceTree = "<group>"; };
		70043ACA1F4E7D8B00E82B8F /* animationController.m */ = {isa = PBXFileReference; fileEncoding = 4; lastKnownFileType = sourcecode.c.objc; path = animationController.m; sourceTree = "<group>"; };
		7019FE3E1F5FA5780086F6C1 /* ZHLearningController.h */ = {isa = PBXFileReference; fileEncoding = 4; lastKnownFileType = sourcecode.c.h; name = ZHLearningController.h; path = "Class模块/文本文件/学习类/ZHLearningController.h"; sourceTree = "<group>"; };
		7019FE3F1F5FA5780086F6C1 /* ZHLearningController.m */ = {isa = PBXFileReference; fileEncoding = 4; lastKnownFileType = sourcecode.c.objc; name = ZHLearningController.m; path = "Class模块/文本文件/学习类/ZHLearningController.m"; sourceTree = "<group>"; };
		7019FE411F5FA63B0086F6C1 /* ZHPictureAndWordMixed.h */ = {isa = PBXFileReference; fileEncoding = 4; lastKnownFileType = sourcecode.c.h; name = ZHPictureAndWordMixed.h; path = "Class模块/文本文件/学习类/图文混排/ZHPictureAndWordMixed.h"; sourceTree = "<group>"; };
		7019FE421F5FA63B0086F6C1 /* ZHPictureAndWordMixed.m */ = {isa = PBXFileReference; fileEncoding = 4; lastKnownFileType = sourcecode.c.objc; name = ZHPictureAndWordMixed.m; path = "Class模块/文本文件/学习类/图文混排/ZHPictureAndWordMixed.m"; sourceTree = "<group>"; };
		70251BED1F5E887A00405C57 /* ZHTextFileController.h */ = {isa = PBXFileReference; fileEncoding = 4; lastKnownFileType = sourcecode.c.h; name = ZHTextFileController.h; path = "Class模块/文本文件/ZHTextFileController.h"; sourceTree = "<group>"; };
		70251BEE1F5E887A00405C57 /* ZHTextFileController.m */ = {isa = PBXFileReference; fileEncoding = 4; lastKnownFileType = sourcecode.c.objc; name = ZHTextFileController.m; path = "Class模块/文本文件/ZHTextFileController.m"; sourceTree = "<group>"; };
		70251C0C1F5E9FDD00405C57 /* 1.png */ = {isa = PBXFileReference; lastKnownFileType = image.png; path = 1.png; sourceTree = "<group>"; };
		70251C0D1F5E9FDD00405C57 /* 2.png */ = {isa = PBXFileReference; lastKnownFileType = image.png; path = 2.png; sourceTree = "<group>"; };
		70251C0E1F5E9FDD00405C57 /* 3.png */ = {isa = PBXFileReference; lastKnownFileType = image.png; path = 3.png; sourceTree = "<group>"; };
		70251C0F1F5E9FDD00405C57 /* 4.png */ = {isa = PBXFileReference; lastKnownFileType = image.png; path = 4.png; sourceTree = "<group>"; };
		70251C101F5E9FDD00405C57 /* 5.png */ = {isa = PBXFileReference; lastKnownFileType = image.png; path = 5.png; sourceTree = "<group>"; };
		70251C241F5EA29400405C57 /* 6.jpeg */ = {isa = PBXFileReference; lastKnownFileType = image.jpeg; path = 6.jpeg; sourceTree = "<group>"; };
		70251C261F5EA3CD00405C57 /* ZHTravelStrategyController.h */ = {isa = PBXFileReference; fileEncoding = 4; lastKnownFileType = sourcecode.c.h; name = ZHTravelStrategyController.h; path = "Class模块/文本文件/旅游攻略/ZHTravelStrategyController.h"; sourceTree = "<group>"; };
		70251C271F5EA3CD00405C57 /* ZHTravelStrategyController.m */ = {isa = PBXFileReference; fileEncoding = 4; lastKnownFileType = sourcecode.c.objc; name = ZHTravelStrategyController.m; path = "Class模块/文本文件/旅游攻略/ZHTravelStrategyController.m"; sourceTree = "<group>"; };
		70251C291F5EA42100405C57 /* ZHQinHaiLake.h */ = {isa = PBXFileReference; fileEncoding = 4; lastKnownFileType = sourcecode.c.h; path = ZHQinHaiLake.h; sourceTree = "<group>"; };
		70251C2A1F5EA42100405C57 /* ZHQinHaiLake.m */ = {isa = PBXFileReference; fileEncoding = 4; lastKnownFileType = sourcecode.c.objc; path = ZHQinHaiLake.m; sourceTree = "<group>"; };
		70251C2C1F5EA4BA00405C57 /* QinHaiLakeTransportLine.h */ = {isa = PBXFileReference; fileEncoding = 4; lastKnownFileType = sourcecode.c.h; path = QinHaiLakeTransportLine.h; sourceTree = "<group>"; };
		70251C2D1F5EA4BA00405C57 /* QinHaiLakeTransportLine.m */ = {isa = PBXFileReference; fileEncoding = 4; lastKnownFileType = sourcecode.c.objc; path = QinHaiLakeTransportLine.m; sourceTree = "<group>"; };
		704915131F56546F00DA2B5A /* leftImage.jpg */ = {isa = PBXFileReference; lastKnownFileType = image.jpeg; name = leftImage.jpg; path = "Class模块/动画效果/抽屉/leftImage.jpg"; sourceTree = "<group>"; };
		704915141F56546F00DA2B5A /* mid.jpg */ = {isa = PBXFileReference; lastKnownFileType = image.jpeg; name = mid.jpg; path = "Class模块/动画效果/抽屉/mid.jpg"; sourceTree = "<group>"; };
		704915151F56546F00DA2B5A /* right.jpg */ = {isa = PBXFileReference; lastKnownFileType = image.jpeg; name = right.jpg; path = "Class模块/动画效果/抽屉/right.jpg"; sourceTree = "<group>"; };
		7058FCDA1F6A304400369815 /* AssetsLibrary.framework */ = {isa = PBXFileReference; lastKnownFileType = wrapper.framework; name = AssetsLibrary.framework; path = System/Library/Frameworks/AssetsLibrary.framework; sourceTree = SDKROOT; };
		705C1B431F6A6CAC00D01751 /* ZHCameraCall.h */ = {isa = PBXFileReference; fileEncoding = 4; lastKnownFileType = sourcecode.c.h; name = ZHCameraCall.h; path = "Class模块/功能类封装/调用摄像头/ZHCameraCall.h"; sourceTree = "<group>"; };
		705C1B441F6A6CAC00D01751 /* ZHCameraCall.m */ = {isa = PBXFileReference; fileEncoding = 4; lastKnownFileType = sourcecode.c.objc; name = ZHCameraCall.m; path = "Class模块/功能类封装/调用摄像头/ZHCameraCall.m"; sourceTree = "<group>"; };
		705C1B461F6A6CC600D01751 /* ZHAVPlayerClass.h */ = {isa = PBXFileReference; fileEncoding = 4; lastKnownFileType = sourcecode.c.h; name = ZHAVPlayerClass.h; path = "Class模块/功能类封装/视频播放处理/ZHAVPlayerClass.h"; sourceTree = "<group>"; };
		705C1B471F6A6CC600D01751 /* ZHAVPlayerClass.m */ = {isa = PBXFileReference; fileEncoding = 4; lastKnownFileType = sourcecode.c.objc; name = ZHAVPlayerClass.m; path = "Class模块/功能类封装/视频播放处理/ZHAVPlayerClass.m"; sourceTree = "<group>"; };
		705C1B491F6A6CD900D01751 /* ZHPictureCache.h */ = {isa = PBXFileReference; fileEncoding = 4; lastKnownFileType = sourcecode.c.h; name = ZHPictureCache.h; path = "Class模块/功能类封装/图片的加载与缓存/ZHPictureCache.h"; sourceTree = "<group>"; };
		705C1B4A1F6A6CD900D01751 /* ZHPictureCache.m */ = {isa = PBXFileReference; fileEncoding = 4; lastKnownFileType = sourcecode.c.objc; name = ZHPictureCache.m; path = "Class模块/功能类封装/图片的加载与缓存/ZHPictureCache.m"; sourceTree = "<group>"; };
		705C1B4B1F6A6CD900D01751 /* ZHWebImageCache.h */ = {isa = PBXFileReference; fileEncoding = 4; lastKnownFileType = sourcecode.c.h; name = ZHWebImageCache.h; path = "Class模块/功能类封装/图片的加载与缓存/ZHWebImageCache.h"; sourceTree = "<group>"; };
		705C1B4C1F6A6CD900D01751 /* ZHWebImageCache.m */ = {isa = PBXFileReference; fileEncoding = 4; lastKnownFileType = sourcecode.c.objc; name = ZHWebImageCache.m; path = "Class模块/功能类封装/图片的加载与缓存/ZHWebImageCache.m"; sourceTree = "<group>"; };
		705C1B4F1F6A6CF300D01751 /* toolClassEncap.h */ = {isa = PBXFileReference; fileEncoding = 4; lastKnownFileType = sourcecode.c.h; name = toolClassEncap.h; path = "Class模块/功能类封装/toolClassEncap.h"; sourceTree = "<group>"; };
		705C1B501F6A6CF300D01751 /* toolClassEncap.m */ = {isa = PBXFileReference; fileEncoding = 4; lastKnownFileType = sourcecode.c.objc; name = toolClassEncap.m; path = "Class模块/功能类封装/toolClassEncap.m"; sourceTree = "<group>"; };
		705C1B521F6A71A500D01751 /* MobileCoreServices.framework */ = {isa = PBXFileReference; lastKnownFileType = wrapper.framework; name = MobileCoreServices.framework; path = System/Library/Frameworks/MobileCoreServices.framework; sourceTree = SDKROOT; };
		709FEE971F4D63E100285983 /* ZhangHuaSummary.app */ = {isa = PBXFileReference; explicitFileType = wrapper.application; includeInIndex = 0; path = ZhangHuaSummary.app; sourceTree = BUILT_PRODUCTS_DIR; };
		709FEE9B1F4D63E100285983 /* main.m */ = {isa = PBXFileReference; lastKnownFileType = sourcecode.c.objc; path = main.m; sourceTree = "<group>"; };
		709FEE9D1F4D63E100285983 /* AppDelegate.h */ = {isa = PBXFileReference; lastKnownFileType = sourcecode.c.h; path = AppDelegate.h; sourceTree = "<group>"; };
		709FEE9E1F4D63E100285983 /* AppDelegate.m */ = {isa = PBXFileReference; lastKnownFileType = sourcecode.c.objc; path = AppDelegate.m; sourceTree = "<group>"; };
		709FEEA41F4D63E100285983 /* Base */ = {isa = PBXFileReference; lastKnownFileType = file.storyboard; name = Base; path = Base.lproj/Main.storyboard; sourceTree = "<group>"; };
		709FEEA61F4D63E100285983 /* Assets.xcassets */ = {isa = PBXFileReference; lastKnownFileType = folder.assetcatalog; path = Assets.xcassets; sourceTree = "<group>"; };
		709FEEA91F4D63E100285983 /* Base */ = {isa = PBXFileReference; lastKnownFileType = file.storyboard; name = Base; path = Base.lproj/LaunchScreen.storyboard; sourceTree = "<group>"; };
		709FEEAB1F4D63E100285983 /* Info.plist */ = {isa = PBXFileReference; lastKnownFileType = text.plist.xml; path = Info.plist; sourceTree = "<group>"; };
		70A0D1CC1F4E747000670625 /* banner_tp01@2x.png */ = {isa = PBXFileReference; lastKnownFileType = image.png; path = "banner_tp01@2x.png"; sourceTree = "<group>"; };
		70A0D1CD1F4E747000670625 /* banner_tp02@2x.png */ = {isa = PBXFileReference; lastKnownFileType = image.png; path = "banner_tp02@2x.png"; sourceTree = "<group>"; };
		70A0D1CE1F4E747000670625 /* banner_tp03@2x.png */ = {isa = PBXFileReference; lastKnownFileType = image.png; path = "banner_tp03@2x.png"; sourceTree = "<group>"; };
		70A0D1CF1F4E747000670625 /* banner_tp04@2x.png */ = {isa = PBXFileReference; lastKnownFileType = image.png; path = "banner_tp04@2x.png"; sourceTree = "<group>"; };
		70C23EC31F5506D700FAEBAA /* ZHRoundDisplay.h */ = {isa = PBXFileReference; fileEncoding = 4; lastKnownFileType = sourcecode.c.h; name = ZHRoundDisplay.h; path = "Class模块/视图布局/collectionView视图布局/环形/ZHRoundDisplay.h"; sourceTree = "<group>"; };
		70C23EC41F5506D700FAEBAA /* ZHRoundDisplay.m */ = {isa = PBXFileReference; fileEncoding = 4; lastKnownFileType = sourcecode.c.objc; name = ZHRoundDisplay.m; path = "Class模块/视图布局/collectionView视图布局/环形/ZHRoundDisplay.m"; sourceTree = "<group>"; };
		70C23EC61F55071F00FAEBAA /* ZHRoundLayout.h */ = {isa = PBXFileReference; fileEncoding = 4; lastKnownFileType = sourcecode.c.h; name = ZHRoundLayout.h; path = "Class模块/视图布局/collectionView视图布局/环形/ZHRoundLayout.h"; sourceTree = "<group>"; };
		70C23EC71F55071F00FAEBAA /* ZHRoundLayout.m */ = {isa = PBXFileReference; fileEncoding = 4; lastKnownFileType = sourcecode.c.objc; name = ZHRoundLayout.m; path = "Class模块/视图布局/collectionView视图布局/环形/ZHRoundLayout.m"; sourceTree = "<group>"; };
		70C23ECA1F553DB600FAEBAA /* ZHDrawerRootController.h */ = {isa = PBXFileReference; fileEncoding = 4; lastKnownFileType = sourcecode.c.h; name = ZHDrawerRootController.h; path = "Class模块/动画效果/抽屉/ZHDrawerRootController.h"; sourceTree = "<group>"; };
		70C23ECB1F553DB600FAEBAA /* ZHDrawerRootController.m */ = {isa = PBXFileReference; fileEncoding = 4; lastKnownFileType = sourcecode.c.objc; name = ZHDrawerRootController.m; path = "Class模块/动画效果/抽屉/ZHDrawerRootController.m"; sourceTree = "<group>"; };
		70C23ECD1F553DCE00FAEBAA /* LeftViewController.h */ = {isa = PBXFileReference; fileEncoding = 4; lastKnownFileType = sourcecode.c.h; name = LeftViewController.h; path = "Class模块/动画效果/抽屉/LeftViewController.h"; sourceTree = "<group>"; };
		70C23ECE1F553DCE00FAEBAA /* LeftViewController.m */ = {isa = PBXFileReference; fileEncoding = 4; lastKnownFileType = sourcecode.c.objc; name = LeftViewController.m; path = "Class模块/动画效果/抽屉/LeftViewController.m"; sourceTree = "<group>"; };
		70C23ED01F553DE100FAEBAA /* MidViewController.h */ = {isa = PBXFileReference; fileEncoding = 4; lastKnownFileType = sourcecode.c.h; name = MidViewController.h; path = "Class模块/动画效果/抽屉/MidViewController.h"; sourceTree = "<group>"; };
		70C23ED11F553DE100FAEBAA /* MidViewController.m */ = {isa = PBXFileReference; fileEncoding = 4; lastKnownFileType = sourcecode.c.objc; name = MidViewController.m; path = "Class模块/动画效果/抽屉/MidViewController.m"; sourceTree = "<group>"; };
		70C23ED31F553DF400FAEBAA /* RightViewController.h */ = {isa = PBXFileReference; fileEncoding = 4; lastKnownFileType = sourcecode.c.h; name = RightViewController.h; path = "Class模块/动画效果/抽屉/RightViewController.h"; sourceTree = "<group>"; };
		70C23ED41F553DF400FAEBAA /* RightViewController.m */ = {isa = PBXFileReference; fileEncoding = 4; lastKnownFileType = sourcecode.c.objc; name = RightViewController.m; path = "Class模块/动画效果/抽屉/RightViewController.m"; sourceTree = "<group>"; };
		70C23ED61F556ECE00FAEBAA /* ZHSummaryPch.pch */ = {isa = PBXFileReference; lastKnownFileType = sourcecode.c.h; path = ZHSummaryPch.pch; sourceTree = "<group>"; };
		70FA4C7C1F53C3490078BFE6 /* ZHCustomLayOut.h */ = {isa = PBXFileReference; fileEncoding = 4; lastKnownFileType = sourcecode.c.h; name = ZHCustomLayOut.h; path = "Class模块/视图布局/collectionView视图布局/瀑布流/ZHCustomLayOut.h"; sourceTree = "<group>"; };
		70FA4C7D1F53C3490078BFE6 /* ZHCustomLayOut.m */ = {isa = PBXFileReference; fileEncoding = 4; lastKnownFileType = sourcecode.c.objc; name = ZHCustomLayOut.m; path = "Class模块/视图布局/collectionView视图布局/瀑布流/ZHCustomLayOut.m"; sourceTree = "<group>"; };
		70FA4C7E1F53C3490078BFE6 /* ZHWaterfallCell.h */ = {isa = PBXFileReference; fileEncoding = 4; lastKnownFileType = sourcecode.c.h; name = ZHWaterfallCell.h; path = "Class模块/视图布局/collectionView视图布局/瀑布流/ZHWaterfallCell.h"; sourceTree = "<group>"; };
		70FA4C7F1F53C3490078BFE6 /* ZHWaterfallCell.m */ = {isa = PBXFileReference; fileEncoding = 4; lastKnownFileType = sourcecode.c.objc; name = ZHWaterfallCell.m; path = "Class模块/视图布局/collectionView视图布局/瀑布流/ZHWaterfallCell.m"; sourceTree = "<group>"; };
		70FA4C801F53C3490078BFE6 /* ZHWaterfallStyle.h */ = {isa = PBXFileReference; fileEncoding = 4; lastKnownFileType = sourcecode.c.h; name = ZHWaterfallStyle.h; path = "Class模块/视图布局/collectionView视图布局/瀑布流/ZHWaterfallStyle.h"; sourceTree = "<group>"; };
		70FA4C811F53C3490078BFE6 /* ZHWaterfallStyle.m */ = {isa = PBXFileReference; fileEncoding = 4; lastKnownFileType = sourcecode.c.objc; name = ZHWaterfallStyle.m; path = "Class模块/视图布局/collectionView视图布局/瀑布流/ZHWaterfallStyle.m"; sourceTree = "<group>"; };
		70FA4C8D1F53C47F0078BFE6 /* ZHShoppingCartAnimation.h */ = {isa = PBXFileReference; fileEncoding = 4; lastKnownFileType = sourcecode.c.h; name = ZHShoppingCartAnimation.h; path = "Class模块/动画效果/购物车/添加商品到购物车/ZHShoppingCartAnimation.h"; sourceTree = "<group>"; };
		70FA4C8E1F53C47F0078BFE6 /* ZHShoppingCartAnimation.m */ = {isa = PBXFileReference; fileEncoding = 4; lastKnownFileType = sourcecode.c.objc; name = ZHShoppingCartAnimation.m; path = "Class模块/动画效果/购物车/添加商品到购物车/ZHShoppingCartAnimation.m"; sourceTree = "<group>"; };
		70FA4C901F53C6DD0078BFE6 /* cart.png */ = {isa = PBXFileReference; lastKnownFileType = image.png; name = cart.png; path = "Class模块/动画效果/购物车/添加商品到购物车/cart.png"; sourceTree = "<group>"; };
		70FA4C911F53C6DD0078BFE6 /* heheda.png */ = {isa = PBXFileReference; lastKnownFileType = image.png; name = heheda.png; path = "Class模块/动画效果/购物车/添加商品到购物车/heheda.png"; sourceTree = "<group>"; };
		70FA4C921F53C6DD0078BFE6 /* ZHShoppingCart.h */ = {isa = PBXFileReference; fileEncoding = 4; lastKnownFileType = sourcecode.c.h; name = ZHShoppingCart.h; path = "Class模块/动画效果/购物车/添加商品到购物车/ZHShoppingCart.h"; sourceTree = "<group>"; };
		70FA4C931F53C6DD0078BFE6 /* ZHShoppingCart.m */ = {isa = PBXFileReference; fileEncoding = 4; lastKnownFileType = sourcecode.c.objc; name = ZHShoppingCart.m; path = "Class模块/动画效果/购物车/添加商品到购物车/ZHShoppingCart.m"; sourceTree = "<group>"; };
		70FA4C9A1F53CB490078BFE6 /* ZHBannerLoopView.h */ = {isa = PBXFileReference; fileEncoding = 4; lastKnownFileType = sourcecode.c.h; name = ZHBannerLoopView.h; path = "Class模块/视图布局/scrollview视图布局/轮播图/ZHBannerLoopView.h"; sourceTree = "<group>"; };
		70FA4C9B1F53CB490078BFE6 /* ZHBannerLoopView.m */ = {isa = PBXFileReference; fileEncoding = 4; lastKnownFileType = sourcecode.c.objc; name = ZHBannerLoopView.m; path = "Class模块/视图布局/scrollview视图布局/轮播图/ZHBannerLoopView.m"; sourceTree = "<group>"; };
		70FA4C9D1F53CC110078BFE6 /* ZHBannerLoop.h */ = {isa = PBXFileReference; fileEncoding = 4; lastKnownFileType = sourcecode.c.h; name = ZHBannerLoop.h; path = "Class模块/视图布局/scrollview视图布局/轮播图/ZHBannerLoop.h"; sourceTree = "<group>"; };
		70FA4C9E1F53CC110078BFE6 /* ZHBannerLoop.m */ = {isa = PBXFileReference; fileEncoding = 4; lastKnownFileType = sourcecode.c.objc; name = ZHBannerLoop.m; path = "Class模块/视图布局/scrollview视图布局/轮播图/ZHBannerLoop.m"; sourceTree = "<group>"; };
		E41A269E9143FEC8EFC38F60 /* libPods-ZhangHuaSummary.a */ = {isa = PBXFileReference; explicitFileType = archive.ar; includeInIndex = 0; path = "libPods-ZhangHuaSummary.a"; sourceTree = BUILT_PRODUCTS_DIR; };
		FE36F7D50D48D93D99DA00EC /* Pods-ZhangHuaSummary.debug.xcconfig */ = {isa = PBXFileReference; includeInIndex = 1; lastKnownFileType = text.xcconfig; name = "Pods-ZhangHuaSummary.debug.xcconfig"; path = "Pods/Target Support Files/Pods-ZhangHuaSummary/Pods-ZhangHuaSummary.debug.xcconfig"; sourceTree = "<group>"; };
/* End PBXFileReference section */

/* Begin PBXFrameworksBuildPhase section */
		709FEE941F4D63E100285983 /* Frameworks */ = {
			isa = PBXFrameworksBuildPhase;
			buildActionMask = 2147483647;
			files = (
				705C1B541F6A74D900D01751 /* AssetsLibrary.framework in Frameworks */,
				705C1B531F6A71A500D01751 /* MobileCoreServices.framework in Frameworks */,
				3AAFDDAB443874F228F789FA /* libPods-ZhangHuaSummary.a in Frameworks */,
			);
			runOnlyForDeploymentPostprocessing = 0;
		};
/* End PBXFrameworksBuildPhase section */

/* Begin PBXGroup section */
		01721535FF53C649E7960F8B /* Pods */ = {
			isa = PBXGroup;
			children = (
				FE36F7D50D48D93D99DA00EC /* Pods-ZhangHuaSummary.debug.xcconfig */,
				1051596F24D6015DDBCCB4F9 /* Pods-ZhangHuaSummary.release.xcconfig */,
			);
			name = Pods;
			sourceTree = "<group>";
		};
		1431ED9B203E6C5D00F74EFA /* RSA */ = {
			isa = PBXGroup;
			children = (
				1431EDB2203E705400F74EFA /* RSA.h */,
				1431EDB3203E705400F74EFA /* RSA.m */,
				1431EDAF203E6FA000F74EFA /* Base64.h */,
				1431EDB0203E6FA000F74EFA /* Base64.m */,
				1431EDB5203E70A300F74EFA /* ZHRsaController.h */,
				1431EDB6203E70A300F74EFA /* ZHRsaController.m */,
				1431ED9E203E6E3500F74EFA /* RSA证书 */,
			);
			name = RSA;
			sourceTree = "<group>";
		};
		1431ED9C203E6C6B00F74EFA /* MD5 */ = {
			isa = PBXGroup;
			children = (
				1431EDB8203E70D300F74EFA /* ZHMD5Controller.h */,
				1431EDB9203E70D300F74EFA /* ZHMD5Controller.m */,
				148A24F5203EA01900FC1B2D /* ZHMD5.h */,
				148A24F6203EA01900FC1B2D /* ZHMD5.m */,
			);
			name = MD5;
			sourceTree = "<group>";
		};
		1431ED9D203E6C7500F74EFA /* 数据加密 */ = {
			isa = PBXGroup;
			children = (
				1431ED9B203E6C5D00F74EFA /* RSA */,
				1431ED9C203E6C6B00F74EFA /* MD5 */,
				1431EDBB203E716300F74EFA /* ZHEncryptDataController.h */,
				1431EDBC203E716300F74EFA /* ZHEncryptDataController.m */,
			);
			name = "数据加密";
			sourceTree = "<group>";
		};
		1431ED9E203E6E3500F74EFA /* RSA证书 */ = {
			isa = PBXGroup;
			children = (
				1431ED9F203E6E3500F74EFA /* p.p12 */,
				1431EDA0203E6E3500F74EFA /* rsa.csr */,
				1431EDA1203E6E3500F74EFA /* rsa.der */,
				1431EDA2203E6E3500F74EFA /* rsa.crt */,
				1431EDA3203E6E3500F74EFA /* private.pem */,
			);
			name = "RSA证书";
			path = "Class模块/数据加密/RSA/RSA证书";
			sourceTree = "<group>";
		};
		14A906E31FD8C69C006E2E84 /* 二维码扫描支付 */ = {
			isa = PBXGroup;
			children = (
				145308631FD921DF00F6DC8E /* line.png */,
				145308641FD921DF00F6DC8E /* line@2x.png */,
				145308651FD921DF00F6DC8E /* pick_bg.png */,
				145308661FD921DF00F6DC8E /* pick_bg@2x.png */,
				14A906E41FD8C8A9006E2E84 /* ZHQRCodePay.h */,
				14A906E51FD8C8A9006E2E84 /* ZHQRCodePay.m */,
				14A906EA1FD8D48D006E2E84 /* ZHScanViewController.h */,
				14A906EB1FD8D48D006E2E84 /* ZHScanViewController.m */,
			);
			name = "二维码扫描支付";
			sourceTree = "<group>";
		};
		70043ACC1F4E7E3300E82B8F /* collectionView视图布局 */ = {
			isa = PBXGroup;
			children = (
				70C23EC21F5505E800FAEBAA /* 环形 */,
				70043ACD1F4E7EAB00E82B8F /* 瀑布流 */,
			);
			name = "collectionView视图布局";
			sourceTree = "<group>";
		};
		70043ACD1F4E7EAB00E82B8F /* 瀑布流 */ = {
			isa = PBXGroup;
			children = (
				70FA4C7C1F53C3490078BFE6 /* ZHCustomLayOut.h */,
				70FA4C7D1F53C3490078BFE6 /* ZHCustomLayOut.m */,
				70FA4C7E1F53C3490078BFE6 /* ZHWaterfallCell.h */,
				70FA4C7F1F53C3490078BFE6 /* ZHWaterfallCell.m */,
				70FA4C801F53C3490078BFE6 /* ZHWaterfallStyle.h */,
				70FA4C811F53C3490078BFE6 /* ZHWaterfallStyle.m */,
			);
			name = "瀑布流";
			sourceTree = "<group>";
		};
		7019FE3D1F5FA51E0086F6C1 /* 图文混排 */ = {
			isa = PBXGroup;
			children = (
				7019FE411F5FA63B0086F6C1 /* ZHPictureAndWordMixed.h */,
				7019FE421F5FA63B0086F6C1 /* ZHPictureAndWordMixed.m */,
			);
			name = "图文混排";
			sourceTree = "<group>";
		};
		70251BEB1F5E4D0900405C57 /* 文本文件 */ = {
			isa = PBXGroup;
			children = (
				70251BF31F5E98C500405C57 /* 旅游攻略 */,
				70251BEC1F5E4D2300405C57 /* 学习类 */,
				70251BED1F5E887A00405C57 /* ZHTextFileController.h */,
				70251BEE1F5E887A00405C57 /* ZHTextFileController.m */,
			);
			name = "文本文件";
			sourceTree = "<group>";
		};
		70251BEC1F5E4D2300405C57 /* 学习类 */ = {
			isa = PBXGroup;
			children = (
				7019FE3D1F5FA51E0086F6C1 /* 图文混排 */,
				7019FE3E1F5FA5780086F6C1 /* ZHLearningController.h */,
				7019FE3F1F5FA5780086F6C1 /* ZHLearningController.m */,
			);
			name = "学习类";
			sourceTree = "<group>";
		};
		70251BF31F5E98C500405C57 /* 旅游攻略 */ = {
			isa = PBXGroup;
			children = (
				70251C0A1F5E9FDD00405C57 /* 青海湖 */,
				70251C261F5EA3CD00405C57 /* ZHTravelStrategyController.h */,
				70251C271F5EA3CD00405C57 /* ZHTravelStrategyController.m */,
			);
			name = "旅游攻略";
			sourceTree = "<group>";
		};
		70251C0A1F5E9FDD00405C57 /* 青海湖 */ = {
			isa = PBXGroup;
			children = (
				70251C0B1F5E9FDD00405C57 /* imageResource */,
				70251C291F5EA42100405C57 /* ZHQinHaiLake.h */,
				70251C2A1F5EA42100405C57 /* ZHQinHaiLake.m */,
				70251C2C1F5EA4BA00405C57 /* QinHaiLakeTransportLine.h */,
				70251C2D1F5EA4BA00405C57 /* QinHaiLakeTransportLine.m */,
			);
			name = "青海湖";
			path = "Class模块/文本文件/旅游攻略/青海湖";
			sourceTree = "<group>";
		};
		70251C0B1F5E9FDD00405C57 /* imageResource */ = {
			isa = PBXGroup;
			children = (
				70251C0C1F5E9FDD00405C57 /* 1.png */,
				70251C0D1F5E9FDD00405C57 /* 2.png */,
				70251C0E1F5E9FDD00405C57 /* 3.png */,
				70251C0F1F5E9FDD00405C57 /* 4.png */,
				70251C101F5E9FDD00405C57 /* 5.png */,
				70251C241F5EA29400405C57 /* 6.jpeg */,
			);
			path = imageResource;
			sourceTree = "<group>";
		};
		704ED3EA1F594DED00377DE3 /* 图片缓存处理 */ = {
			isa = PBXGroup;
			children = (
				705C1B491F6A6CD900D01751 /* ZHPictureCache.h */,
				705C1B4A1F6A6CD900D01751 /* ZHPictureCache.m */,
				705C1B4B1F6A6CD900D01751 /* ZHWebImageCache.h */,
				705C1B4C1F6A6CD900D01751 /* ZHWebImageCache.m */,
			);
			name = "图片缓存处理";
			sourceTree = "<group>";
		};
		7058FCD91F6A304400369815 /* Frameworks */ = {
			isa = PBXGroup;
			children = (
				705C1B521F6A71A500D01751 /* MobileCoreServices.framework */,
				7058FCDA1F6A304400369815 /* AssetsLibrary.framework */,
				E41A269E9143FEC8EFC38F60 /* libPods-ZhangHuaSummary.a */,
			);
			name = Frameworks;
			sourceTree = "<group>";
		};
		706E044B1F67777C001E58FA /* 视频播放处理 */ = {
			isa = PBXGroup;
			children = (
				705C1B461F6A6CC600D01751 /* ZHAVPlayerClass.h */,
				705C1B471F6A6CC600D01751 /* ZHAVPlayerClass.m */,
			);
			name = "视频播放处理";
			sourceTree = "<group>";
		};
		706E044F1F67E198001E58FA /* 调用摄像头 */ = {
			isa = PBXGroup;
			children = (
				705C1B431F6A6CAC00D01751 /* ZHCameraCall.h */,
				705C1B441F6A6CAC00D01751 /* ZHCameraCall.m */,
			);
			name = "调用摄像头";
			sourceTree = "<group>";
		};
		706FD2881F4D7EBE00E21A82 /* main 入口 */ = {
			isa = PBXGroup;
			children = (
				709FEE9D1F4D63E100285983 /* AppDelegate.h */,
				709FEE9E1F4D63E100285983 /* AppDelegate.m */,
				70043ABA1F4E7C4A00E82B8F /* RootViewController.h */,
				70043ABB1F4E7C4A00E82B8F /* RootViewController.m */,
				70043ABC1F4E7C4A00E82B8F /* ZHBasicsTableViewController.h */,
				70043ABD1F4E7C4A00E82B8F /* ZHBasicsTableViewController.m */,
				709FEEA31F4D63E100285983 /* Main.storyboard */,
				709FEEA61F4D63E100285983 /* Assets.xcassets */,
				709FEEA81F4D63E100285983 /* LaunchScreen.storyboard */,
				709FEEAB1F4D63E100285983 /* Info.plist */,
			);
			name = "main 入口";
			sourceTree = "<group>";
		};
		709FEE8E1F4D63E100285983 = {
			isa = PBXGroup;
			children = (
				709FEE991F4D63E100285983 /* ZhangHuaSummary */,
				709FEE981F4D63E100285983 /* Products */,
				7058FCD91F6A304400369815 /* Frameworks */,
				01721535FF53C649E7960F8B /* Pods */,
			);
			sourceTree = "<group>";
		};
		709FEE981F4D63E100285983 /* Products */ = {
			isa = PBXGroup;
			children = (
				709FEE971F4D63E100285983 /* ZhangHuaSummary.app */,
			);
			name = Products;
			sourceTree = "<group>";
		};
		709FEE991F4D63E100285983 /* ZhangHuaSummary */ = {
			isa = PBXGroup;
			children = (
				706FD2881F4D7EBE00E21A82 /* main 入口 */,
				709FEEB11F4D7D8E00285983 /* Class 模块 */,
				709FEE9A1F4D63E100285983 /* Supporting Files */,
				70A0D1C01F4E732900670625 /* ImageRecource 图片 */,
			);
			path = ZhangHuaSummary;
			sourceTree = "<group>";
		};
		709FEE9A1F4D63E100285983 /* Supporting Files */ = {
			isa = PBXGroup;
			children = (
				709FEE9B1F4D63E100285983 /* main.m */,
				70C23ED61F556ECE00FAEBAA /* ZHSummaryPch.pch */,
			);
			name = "Supporting Files";
			sourceTree = "<group>";
		};
		709FEEB11F4D7D8E00285983 /* Class 模块 */ = {
			isa = PBXGroup;
			children = (
				1431ED9D203E6C7500F74EFA /* 数据加密 */,
				70251BEB1F5E4D0900405C57 /* 文本文件 */,
				709FEEB51F4D7DDB00285983 /* 视图布局 */,
				709FEEB21F4D7DCF00285983 /* 动画效果 */,
				709FEEB31F4D7DD400285983 /* 功能类封装 */,
			);
			name = "Class 模块";
			sourceTree = "<group>";
		};
		709FEEB21F4D7DCF00285983 /* 动画效果 */ = {
			isa = PBXGroup;
			children = (
				70C23EC91F553C8B00FAEBAA /* 抽屉效果 */,
				70FA4C851F53C3690078BFE6 /* 购物车效果 */,
				70043AC91F4E7D8B00E82B8F /* animationController.h */,
				70043ACA1F4E7D8B00E82B8F /* animationController.m */,
			);
			name = "动画效果";
			sourceTree = "<group>";
		};
		709FEEB31F4D7DD400285983 /* 功能类封装 */ = {
			isa = PBXGroup;
			children = (
				14A906E31FD8C69C006E2E84 /* 二维码扫描支付 */,
				706E044F1F67E198001E58FA /* 调用摄像头 */,
				706E044B1F67777C001E58FA /* 视频播放处理 */,
				704ED3EA1F594DED00377DE3 /* 图片缓存处理 */,
				705C1B4F1F6A6CF300D01751 /* toolClassEncap.h */,
				705C1B501F6A6CF300D01751 /* toolClassEncap.m */,
			);
			name = "功能类封装";
			sourceTree = "<group>";
		};
		709FEEB51F4D7DDB00285983 /* 视图布局 */ = {
			isa = PBXGroup;
			children = (
				70FA4C981F53CA330078BFE6 /* scrollview视图布局 */,
				70043ACC1F4E7E3300E82B8F /* collectionView视图布局 */,
				70043AC01F4E7CDA00E82B8F /* viewLayoutController.h */,
				70043AC11F4E7CDA00E82B8F /* viewLayoutController.m */,
			);
			name = "视图布局";
			sourceTree = "<group>";
		};
		70A0D1C01F4E732900670625 /* ImageRecource 图片 */ = {
			isa = PBXGroup;
			children = (
				70A0D1CB1F4E747000670625 /* 主页 */,
			);
			name = "ImageRecource 图片";
			sourceTree = "<group>";
		};
		70A0D1CB1F4E747000670625 /* 主页 */ = {
			isa = PBXGroup;
			children = (
				70A0D1CC1F4E747000670625 /* banner_tp01@2x.png */,
				70A0D1CD1F4E747000670625 /* banner_tp02@2x.png */,
				70A0D1CE1F4E747000670625 /* banner_tp03@2x.png */,
				70A0D1CF1F4E747000670625 /* banner_tp04@2x.png */,
			);
			name = "主页";
			path = "ImageResource/主页";
			sourceTree = "<group>";
		};
		70C23EC21F5505E800FAEBAA /* 环形 */ = {
			isa = PBXGroup;
			children = (
				70C23EC31F5506D700FAEBAA /* ZHRoundDisplay.h */,
				70C23EC41F5506D700FAEBAA /* ZHRoundDisplay.m */,
				70C23EC61F55071F00FAEBAA /* ZHRoundLayout.h */,
				70C23EC71F55071F00FAEBAA /* ZHRoundLayout.m */,
			);
			name = "环形";
			sourceTree = "<group>";
		};
		70C23EC91F553C8B00FAEBAA /* 抽屉效果 */ = {
			isa = PBXGroup;
			children = (
				704915141F56546F00DA2B5A /* mid.jpg */,
				704915151F56546F00DA2B5A /* right.jpg */,
				704915131F56546F00DA2B5A /* leftImage.jpg */,
				70C23ECD1F553DCE00FAEBAA /* LeftViewController.h */,
				70C23ECE1F553DCE00FAEBAA /* LeftViewController.m */,
				70C23ED01F553DE100FAEBAA /* MidViewController.h */,
				70C23ED11F553DE100FAEBAA /* MidViewController.m */,
				70C23ED31F553DF400FAEBAA /* RightViewController.h */,
				70C23ED41F553DF400FAEBAA /* RightViewController.m */,
				70C23ECA1F553DB600FAEBAA /* ZHDrawerRootController.h */,
				70C23ECB1F553DB600FAEBAA /* ZHDrawerRootController.m */,
			);
			name = "抽屉效果";
			sourceTree = "<group>";
		};
		70FA4C851F53C3690078BFE6 /* 购物车效果 */ = {
			isa = PBXGroup;
			children = (
				70FA4C861F53C38D0078BFE6 /* 添加商品到购物车 */,
			);
			name = "购物车效果";
			sourceTree = "<group>";
		};
		70FA4C861F53C38D0078BFE6 /* 添加商品到购物车 */ = {
			isa = PBXGroup;
			children = (
				70FA4C901F53C6DD0078BFE6 /* cart.png */,
				70FA4C911F53C6DD0078BFE6 /* heheda.png */,
				70FA4C921F53C6DD0078BFE6 /* ZHShoppingCart.h */,
				70FA4C931F53C6DD0078BFE6 /* ZHShoppingCart.m */,
				70FA4C8D1F53C47F0078BFE6 /* ZHShoppingCartAnimation.h */,
				70FA4C8E1F53C47F0078BFE6 /* ZHShoppingCartAnimation.m */,
			);
			name = "添加商品到购物车";
			sourceTree = "<group>";
		};
		70FA4C981F53CA330078BFE6 /* scrollview视图布局 */ = {
			isa = PBXGroup;
			children = (
				70FA4C991F53CA4F0078BFE6 /* 轮播图 */,
			);
			name = "scrollview视图布局";
			sourceTree = "<group>";
		};
		70FA4C991F53CA4F0078BFE6 /* 轮播图 */ = {
			isa = PBXGroup;
			children = (
				70FA4C9D1F53CC110078BFE6 /* ZHBannerLoop.h */,
				70FA4C9E1F53CC110078BFE6 /* ZHBannerLoop.m */,
				70FA4C9A1F53CB490078BFE6 /* ZHBannerLoopView.h */,
				70FA4C9B1F53CB490078BFE6 /* ZHBannerLoopView.m */,
			);
			name = "轮播图";
			sourceTree = "<group>";
		};
/* End PBXGroup section */

/* Begin PBXNativeTarget section */
		709FEE961F4D63E100285983 /* ZhangHuaSummary */ = {
			isa = PBXNativeTarget;
			buildConfigurationList = 709FEEAE1F4D63E100285983 /* Build configuration list for PBXNativeTarget "ZhangHuaSummary" */;
			buildPhases = (
				1AA2EA049F9805112B2A37BB /* [CP] Check Pods Manifest.lock */,
				709FEE931F4D63E100285983 /* Sources */,
				709FEE941F4D63E100285983 /* Frameworks */,
				709FEE951F4D63E100285983 /* Resources */,
				9EB3C4AC3FF2B9B49F9F4146 /* [CP] Embed Pods Frameworks */,
				DCB55E6A614083E692285523 /* [CP] Copy Pods Resources */,
			);
			buildRules = (
			);
			dependencies = (
			);
			name = ZhangHuaSummary;
			productName = ZhangHuaSummary;
			productReference = 709FEE971F4D63E100285983 /* ZhangHuaSummary.app */;
			productType = "com.apple.product-type.application";
		};
/* End PBXNativeTarget section */

/* Begin PBXProject section */
		709FEE8F1F4D63E100285983 /* Project object */ = {
			isa = PBXProject;
			attributes = {
				LastUpgradeCheck = 0810;
				ORGANIZATIONNAME = zhanghua0221;
				TargetAttributes = {
					709FEE961F4D63E100285983 = {
						CreatedOnToolsVersion = 8.1;
						DevelopmentTeam = WSMZXD2423;
						ProvisioningStyle = Automatic;
					};
				};
			};
			buildConfigurationList = 709FEE921F4D63E100285983 /* Build configuration list for PBXProject "ZhangHuaSummary" */;
			compatibilityVersion = "Xcode 3.2";
			developmentRegion = English;
			hasScannedForEncodings = 0;
			knownRegions = (
				en,
				Base,
			);
			mainGroup = 709FEE8E1F4D63E100285983;
			productRefGroup = 709FEE981F4D63E100285983 /* Products */;
			projectDirPath = "";
			projectRoot = "";
			targets = (
				709FEE961F4D63E100285983 /* ZhangHuaSummary */,
			);
		};
/* End PBXProject section */

/* Begin PBXResourcesBuildPhase section */
		709FEE951F4D63E100285983 /* Resources */ = {
			isa = PBXResourcesBuildPhase;
			buildActionMask = 2147483647;
			files = (
				70251C181F5E9FDD00405C57 /* 3.png in Resources */,
				709FEEAA1F4D63E100285983 /* LaunchScreen.storyboard in Resources */,
				704915171F56546F00DA2B5A /* mid.jpg in Resources */,
				1431EDA5203E6E3500F74EFA /* rsa.csr in Resources */,
				1431EDA8203E6E3500F74EFA /* private.pem in Resources */,
				70251C171F5E9FDD00405C57 /* 2.png in Resources */,
				70A0D1D01F4E747000670625 /* banner_tp01@2x.png in Resources */,
				70251C1A1F5E9FDD00405C57 /* 5.png in Resources */,
				70251C251F5EA29400405C57 /* 6.jpeg in Resources */,
				1431EDA7203E6E3500F74EFA /* rsa.crt in Resources */,
				70A0D1D11F4E747000670625 /* banner_tp02@2x.png in Resources */,
				70A0D1D31F4E747000670625 /* banner_tp04@2x.png in Resources */,
				70251C161F5E9FDD00405C57 /* 1.png in Resources */,
				704915161F56546F00DA2B5A /* leftImage.jpg in Resources */,
				704915181F56546F00DA2B5A /* right.jpg in Resources */,
				145308671FD921DF00F6DC8E /* line.png in Resources */,
				709FEEA71F4D63E100285983 /* Assets.xcassets in Resources */,
				70FA4C941F53C6DD0078BFE6 /* cart.png in Resources */,
				70251C191F5E9FDD00405C57 /* 4.png in Resources */,
				145308681FD921DF00F6DC8E /* line@2x.png in Resources */,
				1431EDA6203E6E3500F74EFA /* rsa.der in Resources */,
				70FA4C951F53C6DD0078BFE6 /* heheda.png in Resources */,
				1453086A1FD921DF00F6DC8E /* pick_bg@2x.png in Resources */,
				709FEEA51F4D63E100285983 /* Main.storyboard in Resources */,
				145308691FD921DF00F6DC8E /* pick_bg.png in Resources */,
				1431EDA4203E6E3500F74EFA /* p.p12 in Resources */,
				70A0D1D21F4E747000670625 /* banner_tp03@2x.png in Resources */,
			);
			runOnlyForDeploymentPostprocessing = 0;
		};
/* End PBXResourcesBuildPhase section */

/* Begin PBXShellScriptBuildPhase section */
		1AA2EA049F9805112B2A37BB /* [CP] Check Pods Manifest.lock */ = {
			isa = PBXShellScriptBuildPhase;
			buildActionMask = 2147483647;
			files = (
			);
			inputPaths = (
				"${PODS_PODFILE_DIR_PATH}/Podfile.lock",
				"${PODS_ROOT}/Manifest.lock",
			);
			name = "[CP] Check Pods Manifest.lock";
			outputPaths = (
				"$(DERIVED_FILE_DIR)/Pods-ZhangHuaSummary-checkManifestLockResult.txt",
			);
			runOnlyForDeploymentPostprocessing = 0;
			shellPath = /bin/sh;
			shellScript = "diff \"${PODS_PODFILE_DIR_PATH}/Podfile.lock\" \"${PODS_ROOT}/Manifest.lock\" > /dev/null\nif [ $? != 0 ] ; then\n    # print error to STDERR\n    echo \"error: The sandbox is not in sync with the Podfile.lock. Run 'pod install' or update your CocoaPods installation.\" >&2\n    exit 1\nfi\n# This output is used by Xcode 'outputs' to avoid re-running this script phase.\necho \"SUCCESS\" > \"${SCRIPT_OUTPUT_FILE_0}\"\n";
			showEnvVarsInLog = 0;
		};
		9EB3C4AC3FF2B9B49F9F4146 /* [CP] Embed Pods Frameworks */ = {
			isa = PBXShellScriptBuildPhase;
			buildActionMask = 2147483647;
			files = (
			);
			inputPaths = (
			);
			name = "[CP] Embed Pods Frameworks";
			outputPaths = (
			);
			runOnlyForDeploymentPostprocessing = 0;
			shellPath = /bin/sh;
			shellScript = "\"${SRCROOT}/Pods/Target Support Files/Pods-ZhangHuaSummary/Pods-ZhangHuaSummary-frameworks.sh\"\n";
			showEnvVarsInLog = 0;
		};
		DCB55E6A614083E692285523 /* [CP] Copy Pods Resources */ = {
			isa = PBXShellScriptBuildPhase;
			buildActionMask = 2147483647;
			files = (
			);
			inputPaths = (
			);
			name = "[CP] Copy Pods Resources";
			outputPaths = (
			);
			runOnlyForDeploymentPostprocessing = 0;
			shellPath = /bin/sh;
			shellScript = "\"${SRCROOT}/Pods/Target Support Files/Pods-ZhangHuaSummary/Pods-ZhangHuaSummary-resources.sh\"\n";
			showEnvVarsInLog = 0;
		};
/* End PBXShellScriptBuildPhase section */

/* Begin PBXSourcesBuildPhase section */
		709FEE931F4D63E100285983 /* Sources */ = {
			isa = PBXSourcesBuildPhase;
			buildActionMask = 2147483647;
			files = (
				709FEE9F1F4D63E100285983 /* AppDelegate.m in Sources */,
				70251C2B1F5EA42100405C57 /* ZHQinHaiLake.m in Sources */,
				705C1B4E1F6A6CD900D01751 /* ZHWebImageCache.m in Sources */,
				70FA4C9F1F53CC110078BFE6 /* ZHBannerLoop.m in Sources */,
				7019FE401F5FA5780086F6C1 /* ZHLearningController.m in Sources */,
				705C1B451F6A6CAC00D01751 /* ZHCameraCall.m in Sources */,
				70FA4C8F1F53C47F0078BFE6 /* ZHShoppingCartAnimation.m in Sources */,
				70FA4C821F53C3490078BFE6 /* ZHCustomLayOut.m in Sources */,
				705C1B481F6A6CC600D01751 /* ZHAVPlayerClass.m in Sources */,
				70FA4C831F53C3490078BFE6 /* ZHWaterfallCell.m in Sources */,
				1431EDB1203E6FA000F74EFA /* Base64.m in Sources */,
				70FA4C9C1F53CB490078BFE6 /* ZHBannerLoopView.m in Sources */,
				709FEE9C1F4D63E100285983 /* main.m in Sources */,
				1431EDB7203E70A300F74EFA /* ZHRsaController.m in Sources */,
				70C23ED21F553DE100FAEBAA /* MidViewController.m in Sources */,
				1431EDB4203E705400F74EFA /* RSA.m in Sources */,
				705C1B511F6A6CF300D01751 /* toolClassEncap.m in Sources */,
				1431EDBD203E716300F74EFA /* ZHEncryptDataController.m in Sources */,
				70043AC21F4E7CDA00E82B8F /* viewLayoutController.m in Sources */,
				70C23ECF1F553DCE00FAEBAA /* LeftViewController.m in Sources */,
				70251BEF1F5E887A00405C57 /* ZHTextFileController.m in Sources */,
				70043ACB1F4E7D8B00E82B8F /* animationController.m in Sources */,
				705C1B4D1F6A6CD900D01751 /* ZHPictureCache.m in Sources */,
				70C23EC51F5506D700FAEBAA /* ZHRoundDisplay.m in Sources */,
				70C23ED51F553DF400FAEBAA /* RightViewController.m in Sources */,
				70FA4C841F53C3490078BFE6 /* ZHWaterfallStyle.m in Sources */,
				70251C2E1F5EA4BA00405C57 /* QinHaiLakeTransportLine.m in Sources */,
				14A906EC1FD8D48D006E2E84 /* ZHScanViewController.m in Sources */,
				148A24F7203EA01900FC1B2D /* ZHMD5.m in Sources */,
				70251C281F5EA3CD00405C57 /* ZHTravelStrategyController.m in Sources */,
				1431EDBA203E70D300F74EFA /* ZHMD5Controller.m in Sources */,
				70043ABF1F4E7C4A00E82B8F /* ZHBasicsTableViewController.m in Sources */,
				7019FE431F5FA63B0086F6C1 /* ZHPictureAndWordMixed.m in Sources */,
				70043ABE1F4E7C4A00E82B8F /* RootViewController.m in Sources */,
				70FA4C961F53C6DD0078BFE6 /* ZHShoppingCart.m in Sources */,
				14A906E61FD8C8A9006E2E84 /* ZHQRCodePay.m in Sources */,
				70C23ECC1F553DB600FAEBAA /* ZHDrawerRootController.m in Sources */,
				70C23EC81F55071F00FAEBAA /* ZHRoundLayout.m in Sources */,
			);
			runOnlyForDeploymentPostprocessing = 0;
		};
/* End PBXSourcesBuildPhase section */

/* Begin PBXVariantGroup section */
		709FEEA31F4D63E100285983 /* Main.storyboard */ = {
			isa = PBXVariantGroup;
			children = (
				709FEEA41F4D63E100285983 /* Base */,
			);
			name = Main.storyboard;
			sourceTree = "<group>";
		};
		709FEEA81F4D63E100285983 /* LaunchScreen.storyboard */ = {
			isa = PBXVariantGroup;
			children = (
				709FEEA91F4D63E100285983 /* Base */,
			);
			name = LaunchScreen.storyboard;
			sourceTree = "<group>";
		};
/* End PBXVariantGroup section */

/* Begin XCBuildConfiguration section */
		709FEEAC1F4D63E100285983 /* Debug */ = {
			isa = XCBuildConfiguration;
			buildSettings = {
				ALWAYS_SEARCH_USER_PATHS = NO;
				CLANG_ANALYZER_NONNULL = YES;
				CLANG_CXX_LANGUAGE_STANDARD = "gnu++0x";
				CLANG_CXX_LIBRARY = "libc++";
				CLANG_ENABLE_MODULES = YES;
				CLANG_ENABLE_OBJC_ARC = YES;
				CLANG_WARN_BOOL_CONVERSION = YES;
				CLANG_WARN_CONSTANT_CONVERSION = YES;
				CLANG_WARN_DIRECT_OBJC_ISA_USAGE = YES_ERROR;
				CLANG_WARN_DOCUMENTATION_COMMENTS = YES;
				CLANG_WARN_EMPTY_BODY = YES;
				CLANG_WARN_ENUM_CONVERSION = YES;
				CLANG_WARN_INFINITE_RECURSION = YES;
				CLANG_WARN_INT_CONVERSION = YES;
				CLANG_WARN_OBJC_ROOT_CLASS = YES_ERROR;
				CLANG_WARN_SUSPICIOUS_MOVES = YES;
				CLANG_WARN_UNREACHABLE_CODE = YES;
				CLANG_WARN__DUPLICATE_METHOD_MATCH = YES;
				"CODE_SIGN_IDENTITY[sdk=iphoneos*]" = "iPhone Developer";
				COPY_PHASE_STRIP = NO;
				DEBUG_INFORMATION_FORMAT = dwarf;
				ENABLE_STRICT_OBJC_MSGSEND = YES;
				ENABLE_TESTABILITY = YES;
				GCC_C_LANGUAGE_STANDARD = gnu99;
				GCC_DYNAMIC_NO_PIC = NO;
				GCC_NO_COMMON_BLOCKS = YES;
				GCC_OPTIMIZATION_LEVEL = 0;
				GCC_PREPROCESSOR_DEFINITIONS = (
					"DEBUG=1",
					"$(inherited)",
				);
				GCC_WARN_64_TO_32_BIT_CONVERSION = YES;
				GCC_WARN_ABOUT_RETURN_TYPE = YES_ERROR;
				GCC_WARN_UNDECLARED_SELECTOR = YES;
				GCC_WARN_UNINITIALIZED_AUTOS = YES_AGGRESSIVE;
				GCC_WARN_UNUSED_FUNCTION = YES;
				GCC_WARN_UNUSED_VARIABLE = YES;
				IPHONEOS_DEPLOYMENT_TARGET = 10.0;
				MTL_ENABLE_DEBUG_INFO = YES;
				ONLY_ACTIVE_ARCH = YES;
				SDKROOT = iphoneos;
			};
			name = Debug;
		};
		709FEEAD1F4D63E100285983 /* Release */ = {
			isa = XCBuildConfiguration;
			buildSettings = {
				ALWAYS_SEARCH_USER_PATHS = NO;
				CLANG_ANALYZER_NONNULL = YES;
				CLANG_CXX_LANGUAGE_STANDARD = "gnu++0x";
				CLANG_CXX_LIBRARY = "libc++";
				CLANG_ENABLE_MODULES = YES;
				CLANG_ENABLE_OBJC_ARC = YES;
				CLANG_WARN_BOOL_CONVERSION = YES;
				CLANG_WARN_CONSTANT_CONVERSION = YES;
				CLANG_WARN_DIRECT_OBJC_ISA_USAGE = YES_ERROR;
				CLANG_WARN_DOCUMENTATION_COMMENTS = YES;
				CLANG_WARN_EMPTY_BODY = YES;
				CLANG_WARN_ENUM_CONVERSION = YES;
				CLANG_WARN_INFINITE_RECURSION = YES;
				CLANG_WARN_INT_CONVERSION = YES;
				CLANG_WARN_OBJC_ROOT_CLASS = YES_ERROR;
				CLANG_WARN_SUSPICIOUS_MOVES = YES;
				CLANG_WARN_UNREACHABLE_CODE = YES;
				CLANG_WARN__DUPLICATE_METHOD_MATCH = YES;
				"CODE_SIGN_IDENTITY[sdk=iphoneos*]" = "iPhone Developer";
				COPY_PHASE_STRIP = NO;
				DEBUG_INFORMATION_FORMAT = "dwarf-with-dsym";
				ENABLE_NS_ASSERTIONS = NO;
				ENABLE_STRICT_OBJC_MSGSEND = YES;
				GCC_C_LANGUAGE_STANDARD = gnu99;
				GCC_NO_COMMON_BLOCKS = YES;
				GCC_WARN_64_TO_32_BIT_CONVERSION = YES;
				GCC_WARN_ABOUT_RETURN_TYPE = YES_ERROR;
				GCC_WARN_UNDECLARED_SELECTOR = YES;
				GCC_WARN_UNINITIALIZED_AUTOS = YES_AGGRESSIVE;
				GCC_WARN_UNUSED_FUNCTION = YES;
				GCC_WARN_UNUSED_VARIABLE = YES;
				IPHONEOS_DEPLOYMENT_TARGET = 10.0;
				MTL_ENABLE_DEBUG_INFO = NO;
				SDKROOT = iphoneos;
				VALIDATE_PRODUCT = YES;
			};
			name = Release;
		};
		709FEEAF1F4D63E100285983 /* Debug */ = {
			isa = XCBuildConfiguration;
			baseConfigurationReference = FE36F7D50D48D93D99DA00EC /* Pods-ZhangHuaSummary.debug.xcconfig */;
			buildSettings = {
				ASSETCATALOG_COMPILER_APPICON_NAME = AppIcon;
				DEVELOPMENT_TEAM = WSMZXD2423;
				GCC_PREFIX_HEADER = /Users/zhanghua/Desktop/ZhangHuaSummary/ZhangHuaSummary/ZHSummaryPch.pch;
				INFOPLIST_FILE = ZhangHuaSummary/Info.plist;
				IPHONEOS_DEPLOYMENT_TARGET = 8.0;
				LD_RUNPATH_SEARCH_PATHS = "$(inherited) @executable_path/Frameworks";
				PRODUCT_BUNDLE_IDENTIFIER = com.hengfengyzf.yinzhifubusiness;
				PRODUCT_NAME = "$(TARGET_NAME)";
			};
			name = Debug;
		};
		709FEEB01F4D63E100285983 /* Release */ = {
			isa = XCBuildConfiguration;
			baseConfigurationReference = 1051596F24D6015DDBCCB4F9 /* Pods-ZhangHuaSummary.release.xcconfig */;
			buildSettings = {
				ASSETCATALOG_COMPILER_APPICON_NAME = AppIcon;
				DEVELOPMENT_TEAM = WSMZXD2423;
				GCC_PREFIX_HEADER = /Users/zhanghua/Desktop/ZhangHuaSummary/ZhangHuaSummary/ZHSummaryPch.pch;
				INFOPLIST_FILE = ZhangHuaSummary/Info.plist;
				IPHONEOS_DEPLOYMENT_TARGET = 8.0;
				LD_RUNPATH_SEARCH_PATHS = "$(inherited) @executable_path/Frameworks";
				PRODUCT_BUNDLE_IDENTIFIER = com.hengfengyzf.yinzhifubusiness;
				PRODUCT_NAME = "$(TARGET_NAME)";
			};
			name = Release;
		};
/* End XCBuildConfiguration section */

/* Begin XCConfigurationList section */
		709FEE921F4D63E100285983 /* Build configuration list for PBXProject "ZhangHuaSummary" */ = {
			isa = XCConfigurationList;
			buildConfigurations = (
				709FEEAC1F4D63E100285983 /* Debug */,
				709FEEAD1F4D63E100285983 /* Release */,
			);
			defaultConfigurationIsVisible = 0;
			defaultConfigurationName = Release;
		};
		709FEEAE1F4D63E100285983 /* Build configuration list for PBXNativeTarget "ZhangHuaSummary" */ = {
			isa = XCConfigurationList;
			buildConfigurations = (
				709FEEAF1F4D63E100285983 /* Debug */,
				709FEEB01F4D63E100285983 /* Release */,
			);
			defaultConfigurationIsVisible = 0;
			defaultConfigurationName = Release;
		};
/* End XCConfigurationList section */
	};
	rootObject = 709FEE8F1F4D63E100285983 /* Project object */;
}
